
Microsoft Visual Studio Solution File, Format Version 12.00
# Visual Studio Version 17
VisualStudioVersion = 17.10.35027.167
MinimumVisualStudioVersion = 10.0.40219.1
Project("{FAE04EC0-301F-11D3-BF4B-00C04F79EFBC}") = "FirstWebApp", "FirstWebApp\FirstWebApp.csproj", "{9890956F-9546-4869-B9F1-C45823F086BE}"
EndProject
Global
	GlobalSection(SolutionConfigurationPlatforms) = preSolution
		Debug|Any CPU = Debug|Any CPU
		Release|Any CPU = Release|Any CPU
	EndGlobalSection
	GlobalSection(ProjectConfigurationPlatforms) = postSolution
		{9890956F-9546-4869-B9F1-C45823F086BE}.Debug|Any CPU.ActiveCfg = Debug|Any CPU
		{9890956F-9546-4869-B9F1-C45823F086BE}.Debug|Any CPU.Build.0 = Debug|Any CPU
		{9890956F-9546-4869-B9F1-C45823F086BE}.Release|Any CPU.ActiveCfg = Release|Any CPU
		{9890956F-9546-4869-B9F1-C45823F086BE}.Release|Any CPU.Build.0 = Release|Any CPU
	EndGlobalSection
	GlobalSection(SolutionProperties) = preSolution
		HideSolutionNode = FALSE
	EndGlobalSection
	GlobalSection(ExtensibilityGlobals) = postSolution
		SolutionGuid = {4B447A8E-0A0A-4790-9F3C-8AF12FD6098C}
	EndGlobalSection
EndGlobal
